
Microsoft Visual Studio Solution File, Format Version 12.00
# Visual Studio Version 16
VisualStudioVersion = 16.0.34031.81
MinimumVisualStudioVersion = 10.0.40219.1
Project("{FAE04EC0-301F-11D3-BF4B-00C04F79EFBC}") = "Primera-practica", "Primera-practica\Primera-practica.csproj", "{89610EA1-44D9-4A17-9AC4-903A80AADAED}"
EndProject
Global
	GlobalSection(SolutionConfigurationPlatforms) = preSolution
		Debug|Any CPU = Debug|Any CPU
		Release|Any CPU = Release|Any CPU
	EndGlobalSection
	GlobalSection(ProjectConfigurationPlatforms) = postSolution
		{89610EA1-44D9-4A17-9AC4-903A80AADAED}.Debug|Any CPU.ActiveCfg = Debug|Any CPU
		{89610EA1-44D9-4A17-9AC4-903A80AADAED}.Debug|Any CPU.Build.0 = Debug|Any CPU
		{89610EA1-44D9-4A17-9AC4-903A80AADAED}.Release|Any CPU.ActiveCfg = Release|Any CPU
		{89610EA1-44D9-4A17-9AC4-903A80AADAED}.Release|Any CPU.Build.0 = Release|Any CPU
	EndGlobalSection
	GlobalSection(SolutionProperties) = preSolution
		HideSolutionNode = FALSE
	EndGlobalSection
	GlobalSection(ExtensibilityGlobals) = postSolution
		SolutionGuid = {C3FCAA76-F72D-4E8D-814B-BCB88E8D0563}
	EndGlobalSection
EndGlobal
